
Microsoft Visual Studio Solution File, Format Version 12.00
# Visual Studio Version 16
VisualStudioVersion = 16.0.32630.194
MinimumVisualStudioVersion = 10.0.40219.1
Project("{9A19103F-16F7-4668-BE54-9A1E7A4F7556}") = "API_Consume", "API_Consume\API_Consume.csproj", "{2ADFAF03-99FF-48F2-B214-6A267B5134DF}"
EndProject
Global
	GlobalSection(SolutionConfigurationPlatforms) = preSolution
		Debug|Any CPU = Debug|Any CPU
		Release|Any CPU = Release|Any CPU
	EndGlobalSection
	GlobalSection(ProjectConfigurationPlatforms) = postSolution
		{2ADFAF03-99FF-48F2-B214-6A267B5134DF}.Debug|Any CPU.ActiveCfg = Debug|Any CPU
		{2ADFAF03-99FF-48F2-B214-6A267B5134DF}.Debug|Any CPU.Build.0 = Debug|Any CPU
		{2ADFAF03-99FF-48F2-B214-6A267B5134DF}.Release|Any CPU.ActiveCfg = Release|Any CPU
		{2ADFAF03-99FF-48F2-B214-6A267B5134DF}.Release|Any CPU.Build.0 = Release|Any CPU
	EndGlobalSection
	GlobalSection(SolutionProperties) = preSolution
		HideSolutionNode = FALSE
	EndGlobalSection
	GlobalSection(ExtensibilityGlobals) = postSolution
		SolutionGuid = {B79FCBF7-479B-4F4B-B5E2-0C6957D73809}
	EndGlobalSection
EndGlobal
